
Microsoft Visual Studio Solution File, Format Version 12.00
# Visual Studio Version 17
VisualStudioVersion = 17.4.33213.308
MinimumVisualStudioVersion = 10.0.40219.1
Project("{FAE04EC0-301F-11D3-BF4B-00C04F79EFBC}") = "File_Handling", "File_Handling.csproj", "{67BBE251-1A89-4A71-BCFA-B6094D3DA7AD}"
EndProject
Global
	GlobalSection(SolutionConfigurationPlatforms) = preSolution
		Debug|Any CPU = Debug|Any CPU
		Release|Any CPU = Release|Any CPU
	EndGlobalSection
	GlobalSection(ProjectConfigurationPlatforms) = postSolution
		{67BBE251-1A89-4A71-BCFA-B6094D3DA7AD}.Debug|Any CPU.ActiveCfg = Debug|Any CPU
		{67BBE251-1A89-4A71-BCFA-B6094D3DA7AD}.Debug|Any CPU.Build.0 = Debug|Any CPU
		{67BBE251-1A89-4A71-BCFA-B6094D3DA7AD}.Release|Any CPU.ActiveCfg = Release|Any CPU
		{67BBE251-1A89-4A71-BCFA-B6094D3DA7AD}.Release|Any CPU.Build.0 = Release|Any CPU
	EndGlobalSection
	GlobalSection(SolutionProperties) = preSolution
		HideSolutionNode = FALSE
	EndGlobalSection
	GlobalSection(ExtensibilityGlobals) = postSolution
		SolutionGuid = {4275EF54-AF1C-4323-B0C9-D51C6DF1B0A7}
	EndGlobalSection
EndGlobal
